
Microsoft Visual Studio Solution File, Format Version 12.00
# Visual Studio 2013
VisualStudioVersion = 12.0.31101.0
MinimumVisualStudioVersion = 10.0.40219.1
Project("{8BC9CEB8-8B4A-11D0-8D11-00A0C91BC942}") = "dping", "src\dping\dping.vcxproj", "{1356CFBC-4C1B-4069-9FDA-02AF871A32C9}"
	ProjectSection(ProjectDependencies) = postProject
		{DDB11010-0F0D-46AB-8378-CC85ED9FDA7E} = {DDB11010-0F0D-46AB-8378-CC85ED9FDA7E}
		{DA6F56B4-06A4-441D-AD70-AC5A7D51FADB} = {DA6F56B4-06A4-441D-AD70-AC5A7D51FADB}
		{DD2D30B5-B2CB-4DBC-9BA5-039F8CF7D087} = {DD2D30B5-B2CB-4DBC-9BA5-039F8CF7D087}
		{17800DC7-D639-4CEB-BC62-2DE7E0BF3DC5} = {17800DC7-D639-4CEB-BC62-2DE7E0BF3DC5}
	EndProjectSection
EndProject
Project("{8BC9CEB8-8B4A-11D0-8D11-00A0C91BC942}") = "libcurl-for_ProbeAPI", "deps\curl\projects\Windows\VC12\lib\libcurl-for_ProbeAPI.vcxproj", "{DA6F56B4-06A4-441D-AD70-AC5A7D51FADB}"
EndProject
Project("{8BC9CEB8-8B4A-11D0-8D11-00A0C91BC942}") = "jsoncpp", "deps\jsoncpp\jsoncpp.vcxproj", "{17800DC7-D639-4CEB-BC62-2DE7E0BF3DC5}"
EndProject
Project("{8BC9CEB8-8B4A-11D0-8D11-00A0C91BC942}") = "common", "src\common\common.vcxproj", "{DDB11010-0F0D-46AB-8378-CC85ED9FDA7E}"
EndProject
Project("{8BC9CEB8-8B4A-11D0-8D11-00A0C91BC942}") = "curlpp", "deps\curlpp\curlpp.vcxproj", "{DD2D30B5-B2CB-4DBC-9BA5-039F8CF7D087}"
EndProject
Project("{8BC9CEB8-8B4A-11D0-8D11-00A0C91BC942}") = "dtraceroute", "src\dtraceroute\dtraceroute.vcxproj", "{AB4D6298-7B68-4040-A0F3-E5704E099457}"
	ProjectSection(ProjectDependencies) = postProject
		{DDB11010-0F0D-46AB-8378-CC85ED9FDA7E} = {DDB11010-0F0D-46AB-8378-CC85ED9FDA7E}
		{DA6F56B4-06A4-441D-AD70-AC5A7D51FADB} = {DA6F56B4-06A4-441D-AD70-AC5A7D51FADB}
		{DD2D30B5-B2CB-4DBC-9BA5-039F8CF7D087} = {DD2D30B5-B2CB-4DBC-9BA5-039F8CF7D087}
		{17800DC7-D639-4CEB-BC62-2DE7E0BF3DC5} = {17800DC7-D639-4CEB-BC62-2DE7E0BF3DC5}
	EndProjectSection
EndProject
Global
	GlobalSection(SolutionConfigurationPlatforms) = preSolution
		Debug|Win32 = Debug|Win32
		Release|Win32 = Release|Win32
	EndGlobalSection
	GlobalSection(ProjectConfigurationPlatforms) = postSolution
		{1356CFBC-4C1B-4069-9FDA-02AF871A32C9}.Debug|Win32.ActiveCfg = Debug|Win32
		{1356CFBC-4C1B-4069-9FDA-02AF871A32C9}.Debug|Win32.Build.0 = Debug|Win32
		{1356CFBC-4C1B-4069-9FDA-02AF871A32C9}.Release|Win32.ActiveCfg = Release|Win32
		{1356CFBC-4C1B-4069-9FDA-02AF871A32C9}.Release|Win32.Build.0 = Release|Win32
		{DA6F56B4-06A4-441D-AD70-AC5A7D51FADB}.Debug|Win32.ActiveCfg = Debug|Win32
		{DA6F56B4-06A4-441D-AD70-AC5A7D51FADB}.Debug|Win32.Build.0 = Debug|Win32
		{DA6F56B4-06A4-441D-AD70-AC5A7D51FADB}.Release|Win32.ActiveCfg = Release|Win32
		{DA6F56B4-06A4-441D-AD70-AC5A7D51FADB}.Release|Win32.Build.0 = Release|Win32
		{17800DC7-D639-4CEB-BC62-2DE7E0BF3DC5}.Debug|Win32.ActiveCfg = Debug|Win32
		{17800DC7-D639-4CEB-BC62-2DE7E0BF3DC5}.Debug|Win32.Build.0 = Debug|Win32
		{17800DC7-D639-4CEB-BC62-2DE7E0BF3DC5}.Release|Win32.ActiveCfg = Release|Win32
		{17800DC7-D639-4CEB-BC62-2DE7E0BF3DC5}.Release|Win32.Build.0 = Release|Win32
		{DDB11010-0F0D-46AB-8378-CC85ED9FDA7E}.Debug|Win32.ActiveCfg = Debug|Win32
		{DDB11010-0F0D-46AB-8378-CC85ED9FDA7E}.Debug|Win32.Build.0 = Debug|Win32
		{DDB11010-0F0D-46AB-8378-CC85ED9FDA7E}.Release|Win32.ActiveCfg = Release|Win32
		{DDB11010-0F0D-46AB-8378-CC85ED9FDA7E}.Release|Win32.Build.0 = Release|Win32
		{DD2D30B5-B2CB-4DBC-9BA5-039F8CF7D087}.Debug|Win32.ActiveCfg = Debug|Win32
		{DD2D30B5-B2CB-4DBC-9BA5-039F8CF7D087}.Debug|Win32.Build.0 = Debug|Win32
		{DD2D30B5-B2CB-4DBC-9BA5-039F8CF7D087}.Release|Win32.ActiveCfg = Release|Win32
		{DD2D30B5-B2CB-4DBC-9BA5-039F8CF7D087}.Release|Win32.Build.0 = Release|Win32
		{AB4D6298-7B68-4040-A0F3-E5704E099457}.Debug|Win32.ActiveCfg = Debug|Win32
		{AB4D6298-7B68-4040-A0F3-E5704E099457}.Debug|Win32.Build.0 = Debug|Win32
		{AB4D6298-7B68-4040-A0F3-E5704E099457}.Release|Win32.ActiveCfg = Release|Win32
		{AB4D6298-7B68-4040-A0F3-E5704E099457}.Release|Win32.Build.0 = Release|Win32
	EndGlobalSection
	GlobalSection(SolutionProperties) = preSolution
		HideSolutionNode = FALSE
	EndGlobalSection
EndGlobal
