
Microsoft Visual Studio Solution File, Format Version 12.00
# Visual Studio 2013
VisualStudioVersion = 12.0.31101.0
MinimumVisualStudioVersion = 10.0.40219.1
Project("{8BC9CEB8-8B4A-11D0-8D11-00A0C91BC942}") = "dping", "src\dping\dping.vcxproj", "{1356CFBC-4C1B-4069-9FDA-02AF871A32C9}"
	ProjectSection(ProjectDependencies) = postProject
		{DDB11010-0F0D-46AB-8378-CC85ED9FDA7E} = {DDB11010-0F0D-46AB-8378-CC85ED9FDA7E}
		{A8BE5B2C-DFE0-470A-B672-723D1450E669} = {A8BE5B2C-DFE0-470A-B672-723D1450E669}
		{DA6F56B4-06A4-441D-AD70-AC5A7D51FADB} = {DA6F56B4-06A4-441D-AD70-AC5A7D51FADB}
		{DD2D30B5-B2CB-4DBC-9BA5-039F8CF7D087} = {DD2D30B5-B2CB-4DBC-9BA5-039F8CF7D087}
		{17800DC7-D639-4CEB-BC62-2DE7E0BF3DC5} = {17800DC7-D639-4CEB-BC62-2DE7E0BF3DC5}
		{8FD826F8-3739-44E6-8CC8-997122E53B8D} = {8FD826F8-3739-44E6-8CC8-997122E53B8D}
	EndProjectSection
EndProject
Project("{8BC9CEB8-8B4A-11D0-8D11-00A0C91BC942}") = "curl", "deps\build.projects\curl.vcxproj", "{DA6F56B4-06A4-441D-AD70-AC5A7D51FADB}"
	ProjectSection(ProjectDependencies) = postProject
		{A8BE5B2C-DFE0-470A-B672-723D1450E669} = {A8BE5B2C-DFE0-470A-B672-723D1450E669}
	EndProjectSection
EndProject
Project("{8BC9CEB8-8B4A-11D0-8D11-00A0C91BC942}") = "jsoncpp", "deps\build.projects\jsoncpp.vcxproj", "{17800DC7-D639-4CEB-BC62-2DE7E0BF3DC5}"
EndProject
Project("{8BC9CEB8-8B4A-11D0-8D11-00A0C91BC942}") = "common", "src\common\common.vcxproj", "{DDB11010-0F0D-46AB-8378-CC85ED9FDA7E}"
EndProject
Project("{8BC9CEB8-8B4A-11D0-8D11-00A0C91BC942}") = "curlpp", "deps\build.projects\curlpp.vcxproj", "{DD2D30B5-B2CB-4DBC-9BA5-039F8CF7D087}"
EndProject
Project("{8BC9CEB8-8B4A-11D0-8D11-00A0C91BC942}") = "dtraceroute", "src\dtraceroute\dtraceroute.vcxproj", "{AB4D6298-7B68-4040-A0F3-E5704E099457}"
	ProjectSection(ProjectDependencies) = postProject
		{DDB11010-0F0D-46AB-8378-CC85ED9FDA7E} = {DDB11010-0F0D-46AB-8378-CC85ED9FDA7E}
		{A8BE5B2C-DFE0-470A-B672-723D1450E669} = {A8BE5B2C-DFE0-470A-B672-723D1450E669}
		{DA6F56B4-06A4-441D-AD70-AC5A7D51FADB} = {DA6F56B4-06A4-441D-AD70-AC5A7D51FADB}
		{DD2D30B5-B2CB-4DBC-9BA5-039F8CF7D087} = {DD2D30B5-B2CB-4DBC-9BA5-039F8CF7D087}
		{17800DC7-D639-4CEB-BC62-2DE7E0BF3DC5} = {17800DC7-D639-4CEB-BC62-2DE7E0BF3DC5}
		{8FD826F8-3739-44E6-8CC8-997122E53B8D} = {8FD826F8-3739-44E6-8CC8-997122E53B8D}
	EndProjectSection
EndProject
Project("{8BC9CEB8-8B4A-11D0-8D11-00A0C91BC942}") = "zlib", "deps\build.projects\zlib.vcxproj", "{8FD826F8-3739-44E6-8CC8-997122E53B8D}"
EndProject
Project("{8BC9CEB8-8B4A-11D0-8D11-00A0C91BC942}") = "openssl", "deps\build.projects\openssl.vcxproj", "{A8BE5B2C-DFE0-470A-B672-723D1450E669}"
EndProject
Project("{2150E333-8FDC-42A3-9474-1A3956D46DE8}") = "3rd party libraries", "3rd party libraries", "{A6317C70-D432-40E2-86C6-1FBAB5FCAEFD}"
EndProject
Global
	GlobalSection(SolutionConfigurationPlatforms) = preSolution
		Debug|Win32 = Debug|Win32
		Release|Win32 = Release|Win32
	EndGlobalSection
	GlobalSection(ProjectConfigurationPlatforms) = postSolution
		{1356CFBC-4C1B-4069-9FDA-02AF871A32C9}.Debug|Win32.ActiveCfg = Debug|Win32
		{1356CFBC-4C1B-4069-9FDA-02AF871A32C9}.Debug|Win32.Build.0 = Debug|Win32
		{1356CFBC-4C1B-4069-9FDA-02AF871A32C9}.Release|Win32.ActiveCfg = Release|Win32
		{1356CFBC-4C1B-4069-9FDA-02AF871A32C9}.Release|Win32.Build.0 = Release|Win32
		{DA6F56B4-06A4-441D-AD70-AC5A7D51FADB}.Debug|Win32.ActiveCfg = Debug|Win32
		{DA6F56B4-06A4-441D-AD70-AC5A7D51FADB}.Debug|Win32.Build.0 = Debug|Win32
		{DA6F56B4-06A4-441D-AD70-AC5A7D51FADB}.Release|Win32.ActiveCfg = Release|Win32
		{DA6F56B4-06A4-441D-AD70-AC5A7D51FADB}.Release|Win32.Build.0 = Release|Win32
		{17800DC7-D639-4CEB-BC62-2DE7E0BF3DC5}.Debug|Win32.ActiveCfg = Debug|Win32
		{17800DC7-D639-4CEB-BC62-2DE7E0BF3DC5}.Debug|Win32.Build.0 = Debug|Win32
		{17800DC7-D639-4CEB-BC62-2DE7E0BF3DC5}.Release|Win32.ActiveCfg = Release|Win32
		{17800DC7-D639-4CEB-BC62-2DE7E0BF3DC5}.Release|Win32.Build.0 = Release|Win32
		{DDB11010-0F0D-46AB-8378-CC85ED9FDA7E}.Debug|Win32.ActiveCfg = Debug|Win32
		{DDB11010-0F0D-46AB-8378-CC85ED9FDA7E}.Debug|Win32.Build.0 = Debug|Win32
		{DDB11010-0F0D-46AB-8378-CC85ED9FDA7E}.Release|Win32.ActiveCfg = Release|Win32
		{DDB11010-0F0D-46AB-8378-CC85ED9FDA7E}.Release|Win32.Build.0 = Release|Win32
		{DD2D30B5-B2CB-4DBC-9BA5-039F8CF7D087}.Debug|Win32.ActiveCfg = Debug|Win32
		{DD2D30B5-B2CB-4DBC-9BA5-039F8CF7D087}.Debug|Win32.Build.0 = Debug|Win32
		{DD2D30B5-B2CB-4DBC-9BA5-039F8CF7D087}.Release|Win32.ActiveCfg = Release|Win32
		{DD2D30B5-B2CB-4DBC-9BA5-039F8CF7D087}.Release|Win32.Build.0 = Release|Win32
		{AB4D6298-7B68-4040-A0F3-E5704E099457}.Debug|Win32.ActiveCfg = Debug|Win32
		{AB4D6298-7B68-4040-A0F3-E5704E099457}.Debug|Win32.Build.0 = Debug|Win32
		{AB4D6298-7B68-4040-A0F3-E5704E099457}.Release|Win32.ActiveCfg = Release|Win32
		{AB4D6298-7B68-4040-A0F3-E5704E099457}.Release|Win32.Build.0 = Release|Win32
		{8FD826F8-3739-44E6-8CC8-997122E53B8D}.Debug|Win32.ActiveCfg = Debug|Win32
		{8FD826F8-3739-44E6-8CC8-997122E53B8D}.Debug|Win32.Build.0 = Debug|Win32
		{8FD826F8-3739-44E6-8CC8-997122E53B8D}.Release|Win32.ActiveCfg = Release|Win32
		{8FD826F8-3739-44E6-8CC8-997122E53B8D}.Release|Win32.Build.0 = Release|Win32
		{A8BE5B2C-DFE0-470A-B672-723D1450E669}.Debug|Win32.ActiveCfg = Debug|Win32
		{A8BE5B2C-DFE0-470A-B672-723D1450E669}.Debug|Win32.Build.0 = Debug|Win32
		{A8BE5B2C-DFE0-470A-B672-723D1450E669}.Release|Win32.ActiveCfg = Release|Win32
		{A8BE5B2C-DFE0-470A-B672-723D1450E669}.Release|Win32.Build.0 = Release|Win32
	EndGlobalSection
	GlobalSection(SolutionProperties) = preSolution
		HideSolutionNode = FALSE
	EndGlobalSection
	GlobalSection(NestedProjects) = preSolution
		{DA6F56B4-06A4-441D-AD70-AC5A7D51FADB} = {A6317C70-D432-40E2-86C6-1FBAB5FCAEFD}
		{DD2D30B5-B2CB-4DBC-9BA5-039F8CF7D087} = {A6317C70-D432-40E2-86C6-1FBAB5FCAEFD}
		{17800DC7-D639-4CEB-BC62-2DE7E0BF3DC5} = {A6317C70-D432-40E2-86C6-1FBAB5FCAEFD}
		{A8BE5B2C-DFE0-470A-B672-723D1450E669} = {A6317C70-D432-40E2-86C6-1FBAB5FCAEFD}
		{8FD826F8-3739-44E6-8CC8-997122E53B8D} = {A6317C70-D432-40E2-86C6-1FBAB5FCAEFD}
	EndGlobalSection
EndGlobal
